// !$*UTF8*$!
{
	archiveVersion = 1;
	classes = {
	};
	objectVersion = 46;
	objects = {

/* Begin PBXBuildFile section */
		7A094FFE1BAE7FFB00F5AEE7 /* libIJKMediaPlayer.a in Frameworks */ = {isa = PBXBuildFile; fileRef = 7A5735371BAAFBBF005709B1 /* libIJKMediaPlayer.a */; };
		7A46883C1BAD68120006BF8E /* btn_play.png in Resources */ = {isa = PBXBuildFile; fileRef = 7A46883B1BAD68120006BF8E /* btn_play.png */; };
		7A46883F1BAD7A510006BF8E /* MoviePlayerImages.xcassets in Resources */ = {isa = PBXBuildFile; fileRef = 7A46883E1BAD7A510006BF8E /* MoviePlayerImages.xcassets */; };
		7A5734B41BAAF068005709B1 /* main.m in Sources */ = {isa = PBXBuildFile; fileRef = 7A5734B31BAAF068005709B1 /* main.m */; };
		7A5734B71BAAF068005709B1 /* AppDelegate.m in Sources */ = {isa = PBXBuildFile; fileRef = 7A5734B61BAAF068005709B1 /* AppDelegate.m */; };
		7A5734BD1BAAF068005709B1 /* Main.storyboard in Resources */ = {isa = PBXBuildFile; fileRef = 7A5734BB1BAAF068005709B1 /* Main.storyboard */; };
		7A5734BF1BAAF068005709B1 /* Images.xcassets in Resources */ = {isa = PBXBuildFile; fileRef = 7A5734BE1BAAF068005709B1 /* Images.xcassets */; };
		7A5734C21BAAF068005709B1 /* LaunchScreen.xib in Resources */ = {isa = PBXBuildFile; fileRef = 7A5734C01BAAF068005709B1 /* LaunchScreen.xib */; };
		7A5734CE1BAAF068005709B1 /* lctvTests.m in Sources */ = {isa = PBXBuildFile; fileRef = 7A5734CD1BAAF068005709B1 /* lctvTests.m */; };
		7A57350C1BAAF1BA005709B1 /* AFHTTPRequestOperation.m in Sources */ = {isa = PBXBuildFile; fileRef = 7A5734E01BAAF1BA005709B1 /* AFHTTPRequestOperation.m */; };
		7A57350D1BAAF1BA005709B1 /* AFHTTPRequestOperationManager.m in Sources */ = {isa = PBXBuildFile; fileRef = 7A5734E21BAAF1BA005709B1 /* AFHTTPRequestOperationManager.m */; };
		7A57350E1BAAF1BA005709B1 /* AFHTTPSessionManager.m in Sources */ = {isa = PBXBuildFile; fileRef = 7A5734E41BAAF1BA005709B1 /* AFHTTPSessionManager.m */; };
		7A57350F1BAAF1BA005709B1 /* AFNetworkReachabilityManager.m in Sources */ = {isa = PBXBuildFile; fileRef = 7A5734E71BAAF1BA005709B1 /* AFNetworkReachabilityManager.m */; };
		7A5735101BAAF1BA005709B1 /* AFSecurityPolicy.m in Sources */ = {isa = PBXBuildFile; fileRef = 7A5734E91BAAF1BA005709B1 /* AFSecurityPolicy.m */; };
		7A5735111BAAF1BA005709B1 /* AFURLConnectionOperation.m in Sources */ = {isa = PBXBuildFile; fileRef = 7A5734EB1BAAF1BA005709B1 /* AFURLConnectionOperation.m */; };
		7A5735121BAAF1BA005709B1 /* AFURLRequestSerialization.m in Sources */ = {isa = PBXBuildFile; fileRef = 7A5734ED1BAAF1BA005709B1 /* AFURLRequestSerialization.m */; };
		7A5735131BAAF1BA005709B1 /* AFURLResponseSerialization.m in Sources */ = {isa = PBXBuildFile; fileRef = 7A5734EF1BAAF1BA005709B1 /* AFURLResponseSerialization.m */; };
		7A5735141BAAF1BA005709B1 /* AFURLSessionManager.m in Sources */ = {isa = PBXBuildFile; fileRef = 7A5734F11BAAF1BA005709B1 /* AFURLSessionManager.m */; };
		7A5735151BAAF1BA005709B1 /* TFHpple.m in Sources */ = {isa = PBXBuildFile; fileRef = 7A5734F41BAAF1BA005709B1 /* TFHpple.m */; };
		7A5735161BAAF1BA005709B1 /* TFHppleElement.m in Sources */ = {isa = PBXBuildFile; fileRef = 7A5734F61BAAF1BA005709B1 /* TFHppleElement.m */; };
		7A5735171BAAF1BA005709B1 /* XPathQuery.m in Sources */ = {isa = PBXBuildFile; fileRef = 7A5734F81BAAF1BA005709B1 /* XPathQuery.m */; };
		7A5735181BAAF1BA005709B1 /* AFNetworkActivityIndicatorManager.m in Sources */ = {isa = PBXBuildFile; fileRef = 7A5734FB1BAAF1BA005709B1 /* AFNetworkActivityIndicatorManager.m */; };
		7A5735191BAAF1BA005709B1 /* UIActivityIndicatorView+AFNetworking.m in Sources */ = {isa = PBXBuildFile; fileRef = 7A5734FD1BAAF1BA005709B1 /* UIActivityIndicatorView+AFNetworking.m */; };
		7A57351A1BAAF1BA005709B1 /* UIAlertView+AFNetworking.m in Sources */ = {isa = PBXBuildFile; fileRef = 7A5734FF1BAAF1BA005709B1 /* UIAlertView+AFNetworking.m */; };
		7A57351B1BAAF1BA005709B1 /* UIButton+AFNetworking.m in Sources */ = {isa = PBXBuildFile; fileRef = 7A5735011BAAF1BA005709B1 /* UIButton+AFNetworking.m */; };
		7A57351C1BAAF1BA005709B1 /* UIImageView+AFNetworking.m in Sources */ = {isa = PBXBuildFile; fileRef = 7A5735041BAAF1BA005709B1 /* UIImageView+AFNetworking.m */; };
		7A57351D1BAAF1BA005709B1 /* UIProgressView+AFNetworking.m in Sources */ = {isa = PBXBuildFile; fileRef = 7A5735071BAAF1BA005709B1 /* UIProgressView+AFNetworking.m */; };
		7A57351E1BAAF1BA005709B1 /* UIRefreshControl+AFNetworking.m in Sources */ = {isa = PBXBuildFile; fileRef = 7A5735091BAAF1BA005709B1 /* UIRefreshControl+AFNetworking.m */; };
		7A57351F1BAAF1BA005709B1 /* UIWebView+AFNetworking.m in Sources */ = {isa = PBXBuildFile; fileRef = 7A57350B1BAAF1BA005709B1 /* UIWebView+AFNetworking.m */; };
		7A5735221BAAF1E6005709B1 /* BaseWebViewController.m in Sources */ = {isa = PBXBuildFile; fileRef = 7A5735211BAAF1E6005709B1 /* BaseWebViewController.m */; };
		7A5735251BAAF35B005709B1 /* UIKit.framework in Frameworks */ = {isa = PBXBuildFile; fileRef = 7A5735241BAAF35B005709B1 /* UIKit.framework */; };
		7A5735271BAAF35F005709B1 /* Foundation.framework in Frameworks */ = {isa = PBXBuildFile; fileRef = 7A5735261BAAF35F005709B1 /* Foundation.framework */; };
		7A57352A1BAAF390005709B1 /* CommonUtils.m in Sources */ = {isa = PBXBuildFile; fileRef = 7A5735291BAAF390005709B1 /* CommonUtils.m */; };
		7A57352D1BAAF39C005709B1 /* Configs.m in Sources */ = {isa = PBXBuildFile; fileRef = 7A57352C1BAAF39C005709B1 /* Configs.m */; };
		7A57352F1BAAF3B7005709B1 /* libxml2.2.dylib in Frameworks */ = {isa = PBXBuildFile; fileRef = 7A57352E1BAAF3B7005709B1 /* libxml2.2.dylib */; };
		7A57353F1BAAFE35005709B1 /* PlayerView.m in Sources */ = {isa = PBXBuildFile; fileRef = 7A57353E1BAAFE35005709B1 /* PlayerView.m */; };
		7A5735431BAAFF64005709B1 /* AudioToolbox.framework in Frameworks */ = {isa = PBXBuildFile; fileRef = 7A5735421BAAFF64005709B1 /* AudioToolbox.framework */; };
		7A5735451BAAFF69005709B1 /* AVFoundation.framework in Frameworks */ = {isa = PBXBuildFile; fileRef = 7A5735441BAAFF69005709B1 /* AVFoundation.framework */; };
		7A5735471BAAFF6D005709B1 /* CoreGraphics.framework in Frameworks */ = {isa = PBXBuildFile; fileRef = 7A5735461BAAFF6D005709B1 /* CoreGraphics.framework */; };
		7A5735491BAAFF72005709B1 /* CoreMedia.framework in Frameworks */ = {isa = PBXBuildFile; fileRef = 7A5735481BAAFF72005709B1 /* CoreMedia.framework */; };
		7A57354B1BAAFF76005709B1 /* CoreVideo.framework in Frameworks */ = {isa = PBXBuildFile; fileRef = 7A57354A1BAAFF76005709B1 /* CoreVideo.framework */; };
		7A57354D1BAAFF7A005709B1 /* libbz2.dylib in Frameworks */ = {isa = PBXBuildFile; fileRef = 7A57354C1BAAFF7A005709B1 /* libbz2.dylib */; };
		7A57354F1BAAFF7F005709B1 /* libz.dylib in Frameworks */ = {isa = PBXBuildFile; fileRef = 7A57354E1BAAFF7F005709B1 /* libz.dylib */; };
		7A5735511BAAFF85005709B1 /* MediaPlayer.framework in Frameworks */ = {isa = PBXBuildFile; fileRef = 7A5735501BAAFF85005709B1 /* MediaPlayer.framework */; };
		7A5735531BAAFF8F005709B1 /* MobileCoreServices.framework in Frameworks */ = {isa = PBXBuildFile; fileRef = 7A5735521BAAFF8F005709B1 /* MobileCoreServices.framework */; };
		7A5735551BAAFF94005709B1 /* OpenGLES.framework in Frameworks */ = {isa = PBXBuildFile; fileRef = 7A5735541BAAFF94005709B1 /* OpenGLES.framework */; };
		7A5735571BAAFF9A005709B1 /* QuartzCore.framework in Frameworks */ = {isa = PBXBuildFile; fileRef = 7A5735561BAAFF9A005709B1 /* QuartzCore.framework */; };
		7A5735591BAAFFA2005709B1 /* VideoToolbox.framework in Frameworks */ = {isa = PBXBuildFile; fileRef = 7A5735581BAAFFA2005709B1 /* VideoToolbox.framework */; };
		7A5735651BAB0A8F005709B1 /* PlayerViewController.m in Sources */ = {isa = PBXBuildFile; fileRef = 7A5735641BAB0A8F005709B1 /* PlayerViewController.m */; };
		7A8436311BAE5F1900D99C84 /* NSString+URLEncode.m in Sources */ = {isa = PBXBuildFile; fileRef = 7A8436301BAE5F1900D99C84 /* NSString+URLEncode.m */; settings = {ASSET_TAGS = (); }; };
		7A8436351BAE765900D99C84 /* ESViewController.m in Sources */ = {isa = PBXBuildFile; fileRef = 7A8436341BAE765900D99C84 /* ESViewController.m */; settings = {ASSET_TAGS = (); }; };
		7ACE8DEA1BAD0F5F008CCF4A /* icon_lctv.png in Resources */ = {isa = PBXBuildFile; fileRef = 7ACE8DE71BAD0F5F008CCF4A /* icon_lctv.png */; };
		7ACE8DEB1BAD0F5F008CCF4A /* icon_left_menu.png in Resources */ = {isa = PBXBuildFile; fileRef = 7ACE8DE81BAD0F5F008CCF4A /* icon_left_menu.png */; };
		7ACE8DEC1BAD0F5F008CCF4A /* icon_right_menu.png in Resources */ = {isa = PBXBuildFile; fileRef = 7ACE8DE91BAD0F5F008CCF4A /* icon_right_menu.png */; };
		7ACE8DF11BAD1129008CCF4A /* bg_header.png in Resources */ = {isa = PBXBuildFile; fileRef = 7ACE8DF01BAD1129008CCF4A /* bg_header.png */; };
		7ACE8DF81BAD1511008CCF4A /* LeftMenuViewController.m in Sources */ = {isa = PBXBuildFile; fileRef = 7ACE8DF71BAD1511008CCF4A /* LeftMenuViewController.m */; };
		7ACE8DFD1BAD17C7008CCF4A /* RootViewController.m in Sources */ = {isa = PBXBuildFile; fileRef = 7ACE8DFC1BAD17C7008CCF4A /* RootViewController.m */; };
		7ACE8E011BAD2E3E008CCF4A /* BaseMenuObject.m in Sources */ = {isa = PBXBuildFile; fileRef = 7ACE8E001BAD2E3E008CCF4A /* BaseMenuObject.m */; };
		7ACE8E051BAD368B008CCF4A /* RightMenuViewController.m in Sources */ = {isa = PBXBuildFile; fileRef = 7ACE8E041BAD368B008CCF4A /* RightMenuViewController.m */; };
		7ACE8E0E1BAD519D008CCF4A /* sub_img_off01.png in Resources */ = {isa = PBXBuildFile; fileRef = 7ACE8E061BAD519D008CCF4A /* sub_img_off01.png */; };
		7ACE8E0F1BAD519D008CCF4A /* sub_img_off02.png in Resources */ = {isa = PBXBuildFile; fileRef = 7ACE8E071BAD519D008CCF4A /* sub_img_off02.png */; };
		7ACE8E101BAD519D008CCF4A /* sub_img_off03.png in Resources */ = {isa = PBXBuildFile; fileRef = 7ACE8E081BAD519D008CCF4A /* sub_img_off03.png */; };
		7ACE8E111BAD519D008CCF4A /* sub_img_off04.png in Resources */ = {isa = PBXBuildFile; fileRef = 7ACE8E091BAD519D008CCF4A /* sub_img_off04.png */; };
		7ACE8E121BAD519D008CCF4A /* sub_img_on01.png in Resources */ = {isa = PBXBuildFile; fileRef = 7ACE8E0A1BAD519D008CCF4A /* sub_img_on01.png */; };
		7ACE8E131BAD519D008CCF4A /* sub_img_on02.png in Resources */ = {isa = PBXBuildFile; fileRef = 7ACE8E0B1BAD519D008CCF4A /* sub_img_on02.png */; };
		7ACE8E141BAD519D008CCF4A /* sub_img_on03.png in Resources */ = {isa = PBXBuildFile; fileRef = 7ACE8E0C1BAD519D008CCF4A /* sub_img_on03.png */; };
		7ACE8E151BAD519D008CCF4A /* sub_img_on04.png in Resources */ = {isa = PBXBuildFile; fileRef = 7ACE8E0D1BAD519D008CCF4A /* sub_img_on04.png */; };
/* End PBXBuildFile section */

/* Begin PBXContainerItemProxy section */
		7A5734C81BAAF068005709B1 /* PBXContainerItemProxy */ = {
			isa = PBXContainerItemProxy;
			containerPortal = 7A5734A61BAAF068005709B1 /* Project object */;
			proxyType = 1;
			remoteGlobalIDString = 7A5734AD1BAAF068005709B1;
			remoteInfo = lctv;
		};
		7A5735361BAAFBBF005709B1 /* PBXContainerItemProxy */ = {
			isa = PBXContainerItemProxy;
			containerPortal = 7A5735301BAAFBBF005709B1 /* IJKMediaPlayer.xcodeproj */;
			proxyType = 2;
			remoteGlobalIDString = E6903EB917EAF6C500CFD954;
			remoteInfo = IJKMediaPlayer;
		};
		7A5735381BAAFBBF005709B1 /* PBXContainerItemProxy */ = {
			isa = PBXContainerItemProxy;
			containerPortal = 7A5735301BAAFBBF005709B1 /* IJKMediaPlayer.xcodeproj */;
			proxyType = 2;
			remoteGlobalIDString = E654EA8A1B6B27E600B0F2D0;
			remoteInfo = IJKMediaFramework;
		};
		7A57353A1BAAFBBF005709B1 /* PBXContainerItemProxy */ = {
			isa = PBXContainerItemProxy;
			containerPortal = 7A5735301BAAFBBF005709B1 /* IJKMediaPlayer.xcodeproj */;
			proxyType = 2;
			remoteGlobalIDString = E654EA941B6B27E600B0F2D0;
			remoteInfo = IJKMediaFrameworkTests;
		};
/* End PBXContainerItemProxy section */

/* Begin PBXFileReference section */
		7A46883B1BAD68120006BF8E /* btn_play.png */ = {isa = PBXFileReference; lastKnownFileType = image.png; path = btn_play.png; sourceTree = "<group>"; };
		7A46883E1BAD7A510006BF8E /* MoviePlayerImages.xcassets */ = {isa = PBXFileReference; lastKnownFileType = folder.assetcatalog; path = MoviePlayerImages.xcassets; sourceTree = "<group>"; };
		7A5734AE1BAAF068005709B1 /* lctv.app */ = {isa = PBXFileReference; explicitFileType = wrapper.application; includeInIndex = 0; path = lctv.app; sourceTree = BUILT_PRODUCTS_DIR; };
		7A5734B21BAAF068005709B1 /* Info.plist */ = {isa = PBXFileReference; lastKnownFileType = text.plist.xml; path = Info.plist; sourceTree = "<group>"; };
		7A5734B31BAAF068005709B1 /* main.m */ = {isa = PBXFileReference; lastKnownFileType = sourcecode.c.objc; path = main.m; sourceTree = "<group>"; };
		7A5734B51BAAF068005709B1 /* AppDelegate.h */ = {isa = PBXFileReference; lastKnownFileType = sourcecode.c.h; path = AppDelegate.h; sourceTree = "<group>"; };
		7A5734B61BAAF068005709B1 /* AppDelegate.m */ = {isa = PBXFileReference; lastKnownFileType = sourcecode.c.objc; path = AppDelegate.m; sourceTree = "<group>"; };
		7A5734BC1BAAF068005709B1 /* Base */ = {isa = PBXFileReference; lastKnownFileType = file.storyboard; name = Base; path = Base.lproj/Main.storyboard; sourceTree = "<group>"; };
		7A5734BE1BAAF068005709B1 /* Images.xcassets */ = {isa = PBXFileReference; lastKnownFileType = folder.assetcatalog; path = Images.xcassets; sourceTree = "<group>"; };
		7A5734C11BAAF068005709B1 /* Base */ = {isa = PBXFileReference; lastKnownFileType = file.xib; name = Base; path = Base.lproj/LaunchScreen.xib; sourceTree = "<group>"; };
		7A5734C71BAAF068005709B1 /* lctvTests.xctest */ = {isa = PBXFileReference; explicitFileType = wrapper.cfbundle; includeInIndex = 0; path = lctvTests.xctest; sourceTree = BUILT_PRODUCTS_DIR; };
		7A5734CC1BAAF068005709B1 /* Info.plist */ = {isa = PBXFileReference; lastKnownFileType = text.plist.xml; path = Info.plist; sourceTree = "<group>"; };
		7A5734CD1BAAF068005709B1 /* lctvTests.m */ = {isa = PBXFileReference; lastKnownFileType = sourcecode.c.objc; path = lctvTests.m; sourceTree = "<group>"; };
		7A5734DF1BAAF1BA005709B1 /* AFHTTPRequestOperation.h */ = {isa = PBXFileReference; fileEncoding = 4; lastKnownFileType = sourcecode.c.h; path = AFHTTPRequestOperation.h; sourceTree = "<group>"; };
		7A5734E01BAAF1BA005709B1 /* AFHTTPRequestOperation.m */ = {isa = PBXFileReference; fileEncoding = 4; lastKnownFileType = sourcecode.c.objc; path = AFHTTPRequestOperation.m; sourceTree = "<group>"; };
		7A5734E11BAAF1BA005709B1 /* AFHTTPRequestOperationManager.h */ = {isa = PBXFileReference; fileEncoding = 4; lastKnownFileType = sourcecode.c.h; path = AFHTTPRequestOperationManager.h; sourceTree = "<group>"; };
		7A5734E21BAAF1BA005709B1 /* AFHTTPRequestOperationManager.m */ = {isa = PBXFileReference; fileEncoding = 4; lastKnownFileType = sourcecode.c.objc; path = AFHTTPRequestOperationManager.m; sourceTree = "<group>"; };
		7A5734E31BAAF1BA005709B1 /* AFHTTPSessionManager.h */ = {isa = PBXFileReference; fileEncoding = 4; lastKnownFileType = sourcecode.c.h; path = AFHTTPSessionManager.h; sourceTree = "<group>"; };
		7A5734E41BAAF1BA005709B1 /* AFHTTPSessionManager.m */ = {isa = PBXFileReference; fileEncoding = 4; lastKnownFileType = sourcecode.c.objc; path = AFHTTPSessionManager.m; sourceTree = "<group>"; };
		7A5734E51BAAF1BA005709B1 /* AFNetworking.h */ = {isa = PBXFileReference; fileEncoding = 4; lastKnownFileType = sourcecode.c.h; path = AFNetworking.h; sourceTree = "<group>"; };
		7A5734E61BAAF1BA005709B1 /* AFNetworkReachabilityManager.h */ = {isa = PBXFileReference; fileEncoding = 4; lastKnownFileType = sourcecode.c.h; path = AFNetworkReachabilityManager.h; sourceTree = "<group>"; };
		7A5734E71BAAF1BA005709B1 /* AFNetworkReachabilityManager.m */ = {isa = PBXFileReference; fileEncoding = 4; lastKnownFileType = sourcecode.c.objc; path = AFNetworkReachabilityManager.m; sourceTree = "<group>"; };
		7A5734E81BAAF1BA005709B1 /* AFSecurityPolicy.h */ = {isa = PBXFileReference; fileEncoding = 4; lastKnownFileType = sourcecode.c.h; path = AFSecurityPolicy.h; sourceTree = "<group>"; };
		7A5734E91BAAF1BA005709B1 /* AFSecurityPolicy.m */ = {isa = PBXFileReference; fileEncoding = 4; lastKnownFileType = sourcecode.c.objc; path = AFSecurityPolicy.m; sourceTree = "<group>"; };
		7A5734EA1BAAF1BA005709B1 /* AFURLConnectionOperation.h */ = {isa = PBXFileReference; fileEncoding = 4; lastKnownFileType = sourcecode.c.h; path = AFURLConnectionOperation.h; sourceTree = "<group>"; };
		7A5734EB1BAAF1BA005709B1 /* AFURLConnectionOperation.m */ = {isa = PBXFileReference; fileEncoding = 4; lastKnownFileType = sourcecode.c.objc; path = AFURLConnectionOperation.m; sourceTree = "<group>"; };
		7A5734EC1BAAF1BA005709B1 /* AFURLRequestSerialization.h */ = {isa = PBXFileReference; fileEncoding = 4; lastKnownFileType = sourcecode.c.h; path = AFURLRequestSerialization.h; sourceTree = "<group>"; };
		7A5734ED1BAAF1BA005709B1 /* AFURLRequestSerialization.m */ = {isa = PBXFileReference; fileEncoding = 4; lastKnownFileType = sourcecode.c.objc; path = AFURLRequestSerialization.m; sourceTree = "<group>"; };
		7A5734EE1BAAF1BA005709B1 /* AFURLResponseSerialization.h */ = {isa = PBXFileReference; fileEncoding = 4; lastKnownFileType = sourcecode.c.h; path = AFURLResponseSerialization.h; sourceTree = "<group>"; };
		7A5734EF1BAAF1BA005709B1 /* AFURLResponseSerialization.m */ = {isa = PBXFileReference; fileEncoding = 4; lastKnownFileType = sourcecode.c.objc; path = AFURLResponseSerialization.m; sourceTree = "<group>"; };
		7A5734F01BAAF1BA005709B1 /* AFURLSessionManager.h */ = {isa = PBXFileReference; fileEncoding = 4; lastKnownFileType = sourcecode.c.h; path = AFURLSessionManager.h; sourceTree = "<group>"; };
		7A5734F11BAAF1BA005709B1 /* AFURLSessionManager.m */ = {isa = PBXFileReference; fileEncoding = 4; lastKnownFileType = sourcecode.c.objc; path = AFURLSessionManager.m; sourceTree = "<group>"; };
		7A5734F31BAAF1BA005709B1 /* TFHpple.h */ = {isa = PBXFileReference; fileEncoding = 4; lastKnownFileType = sourcecode.c.h; path = TFHpple.h; sourceTree = "<group>"; };
		7A5734F41BAAF1BA005709B1 /* TFHpple.m */ = {isa = PBXFileReference; fileEncoding = 4; lastKnownFileType = sourcecode.c.objc; path = TFHpple.m; sourceTree = "<group>"; };
		7A5734F51BAAF1BA005709B1 /* TFHppleElement.h */ = {isa = PBXFileReference; fileEncoding = 4; lastKnownFileType = sourcecode.c.h; path = TFHppleElement.h; sourceTree = "<group>"; };
		7A5734F61BAAF1BA005709B1 /* TFHppleElement.m */ = {isa = PBXFileReference; fileEncoding = 4; lastKnownFileType = sourcecode.c.objc; path = TFHppleElement.m; sourceTree = "<group>"; };
		7A5734F71BAAF1BA005709B1 /* XPathQuery.h */ = {isa = PBXFileReference; fileEncoding = 4; lastKnownFileType = sourcecode.c.h; path = XPathQuery.h; sourceTree = "<group>"; };
		7A5734F81BAAF1BA005709B1 /* XPathQuery.m */ = {isa = PBXFileReference; fileEncoding = 4; lastKnownFileType = sourcecode.c.objc; path = XPathQuery.m; sourceTree = "<group>"; };
		7A5734FA1BAAF1BA005709B1 /* AFNetworkActivityIndicatorManager.h */ = {isa = PBXFileReference; fileEncoding = 4; lastKnownFileType = sourcecode.c.h; path = AFNetworkActivityIndicatorManager.h; sourceTree = "<group>"; };
		7A5734FB1BAAF1BA005709B1 /* AFNetworkActivityIndicatorManager.m */ = {isa = PBXFileReference; fileEncoding = 4; lastKnownFileType = sourcecode.c.objc; path = AFNetworkActivityIndicatorManager.m; sourceTree = "<group>"; };
		7A5734FC1BAAF1BA005709B1 /* UIActivityIndicatorView+AFNetworking.h */ = {isa = PBXFileReference; fileEncoding = 4; lastKnownFileType = sourcecode.c.h; path = "UIActivityIndicatorView+AFNetworking.h"; sourceTree = "<group>"; };
		7A5734FD1BAAF1BA005709B1 /* UIActivityIndicatorView+AFNetworking.m */ = {isa = PBXFileReference; fileEncoding = 4; lastKnownFileType = sourcecode.c.objc; path = "UIActivityIndicatorView+AFNetworking.m"; sourceTree = "<group>"; };
		7A5734FE1BAAF1BA005709B1 /* UIAlertView+AFNetworking.h */ = {isa = PBXFileReference; fileEncoding = 4; lastKnownFileType = sourcecode.c.h; path = "UIAlertView+AFNetworking.h"; sourceTree = "<group>"; };
		7A5734FF1BAAF1BA005709B1 /* UIAlertView+AFNetworking.m */ = {isa = PBXFileReference; fileEncoding = 4; lastKnownFileType = sourcecode.c.objc; path = "UIAlertView+AFNetworking.m"; sourceTree = "<group>"; };
		7A5735001BAAF1BA005709B1 /* UIButton+AFNetworking.h */ = {isa = PBXFileReference; fileEncoding = 4; lastKnownFileType = sourcecode.c.h; path = "UIButton+AFNetworking.h"; sourceTree = "<group>"; };
		7A5735011BAAF1BA005709B1 /* UIButton+AFNetworking.m */ = {isa = PBXFileReference; fileEncoding = 4; lastKnownFileType = sourcecode.c.objc; path = "UIButton+AFNetworking.m"; sourceTree = "<group>"; };
		7A5735021BAAF1BA005709B1 /* UIImage+AFNetworking.h */ = {isa = PBXFileReference; fileEncoding = 4; lastKnownFileType = sourcecode.c.h; path = "UIImage+AFNetworking.h"; sourceTree = "<group>"; };
		7A5735031BAAF1BA005709B1 /* UIImageView+AFNetworking.h */ = {isa = PBXFileReference; fileEncoding = 4; lastKnownFileType = sourcecode.c.h; path = "UIImageView+AFNetworking.h"; sourceTree = "<group>"; };
		7A5735041BAAF1BA005709B1 /* UIImageView+AFNetworking.m */ = {isa = PBXFileReference; fileEncoding = 4; lastKnownFileType = sourcecode.c.objc; path = "UIImageView+AFNetworking.m"; sourceTree = "<group>"; };
		7A5735051BAAF1BA005709B1 /* UIKit+AFNetworking.h */ = {isa = PBXFileReference; fileEncoding = 4; lastKnownFileType = sourcecode.c.h; path = "UIKit+AFNetworking.h"; sourceTree = "<group>"; };
		7A5735061BAAF1BA005709B1 /* UIProgressView+AFNetworking.h */ = {isa = PBXFileReference; fileEncoding = 4; lastKnownFileType = sourcecode.c.h; path = "UIProgressView+AFNetworking.h"; sourceTree = "<group>"; };
		7A5735071BAAF1BA005709B1 /* UIProgressView+AFNetworking.m */ = {isa = PBXFileReference; fileEncoding = 4; lastKnownFileType = sourcecode.c.objc; path = "UIProgressView+AFNetworking.m"; sourceTree = "<group>"; };
		7A5735081BAAF1BA005709B1 /* UIRefreshControl+AFNetworking.h */ = {isa = PBXFileReference; fileEncoding = 4; lastKnownFileType = sourcecode.c.h; path = "UIRefreshControl+AFNetworking.h"; sourceTree = "<group>"; };
		7A5735091BAAF1BA005709B1 /* UIRefreshControl+AFNetworking.m */ = {isa = PBXFileReference; fileEncoding = 4; lastKnownFileType = sourcecode.c.objc; path = "UIRefreshControl+AFNetworking.m"; sourceTree = "<group>"; };
		7A57350A1BAAF1BA005709B1 /* UIWebView+AFNetworking.h */ = {isa = PBXFileReference; fileEncoding = 4; lastKnownFileType = sourcecode.c.h; path = "UIWebView+AFNetworking.h"; sourceTree = "<group>"; };
		7A57350B1BAAF1BA005709B1 /* UIWebView+AFNetworking.m */ = {isa = PBXFileReference; fileEncoding = 4; lastKnownFileType = sourcecode.c.objc; path = "UIWebView+AFNetworking.m"; sourceTree = "<group>"; };
		7A5735201BAAF1E6005709B1 /* BaseWebViewController.h */ = {isa = PBXFileReference; fileEncoding = 4; lastKnownFileType = sourcecode.c.h; path = BaseWebViewController.h; sourceTree = "<group>"; };
		7A5735211BAAF1E6005709B1 /* BaseWebViewController.m */ = {isa = PBXFileReference; fileEncoding = 4; lastKnownFileType = sourcecode.c.objc; path = BaseWebViewController.m; sourceTree = "<group>"; };
		7A5735231BAAF339005709B1 /* Prefix.pch */ = {isa = PBXFileReference; fileEncoding = 4; lastKnownFileType = sourcecode.c.h; path = Prefix.pch; sourceTree = "<group>"; };
		7A5735241BAAF35B005709B1 /* UIKit.framework */ = {isa = PBXFileReference; lastKnownFileType = wrapper.framework; name = UIKit.framework; path = System/Library/Frameworks/UIKit.framework; sourceTree = SDKROOT; };
		7A5735261BAAF35F005709B1 /* Foundation.framework */ = {isa = PBXFileReference; lastKnownFileType = wrapper.framework; name = Foundation.framework; path = System/Library/Frameworks/Foundation.framework; sourceTree = SDKROOT; };
		7A5735281BAAF390005709B1 /* CommonUtils.h */ = {isa = PBXFileReference; fileEncoding = 4; lastKnownFileType = sourcecode.c.h; path = CommonUtils.h; sourceTree = "<group>"; };
		7A5735291BAAF390005709B1 /* CommonUtils.m */ = {isa = PBXFileReference; fileEncoding = 4; lastKnownFileType = sourcecode.c.objc; path = CommonUtils.m; sourceTree = "<group>"; };
		7A57352B1BAAF39C005709B1 /* Configs.h */ = {isa = PBXFileReference; fileEncoding = 4; lastKnownFileType = sourcecode.c.h; path = Configs.h; sourceTree = "<group>"; };
		7A57352C1BAAF39C005709B1 /* Configs.m */ = {isa = PBXFileReference; fileEncoding = 4; lastKnownFileType = sourcecode.c.objc; path = Configs.m; sourceTree = "<group>"; };
		7A57352E1BAAF3B7005709B1 /* libxml2.2.dylib */ = {isa = PBXFileReference; lastKnownFileType = "compiled.mach-o.dylib"; name = libxml2.2.dylib; path = usr/lib/libxml2.2.dylib; sourceTree = SDKROOT; };
		7A5735301BAAFBBF005709B1 /* IJKMediaPlayer.xcodeproj */ = {isa = PBXFileReference; lastKnownFileType = "wrapper.pb-project"; name = IJKMediaPlayer.xcodeproj; path = ../../../ijkplayer/ios/IJKMediaPlayer/IJKMediaPlayer.xcodeproj; sourceTree = "<group>"; };
		7A57353D1BAAFE35005709B1 /* PlayerView.h */ = {isa = PBXFileReference; fileEncoding = 4; lastKnownFileType = sourcecode.c.h; path = PlayerView.h; sourceTree = "<group>"; };
		7A57353E1BAAFE35005709B1 /* PlayerView.m */ = {isa = PBXFileReference; fileEncoding = 4; lastKnownFileType = sourcecode.c.objc; path = PlayerView.m; sourceTree = "<group>"; };
		7A5735421BAAFF64005709B1 /* AudioToolbox.framework */ = {isa = PBXFileReference; lastKnownFileType = wrapper.framework; name = AudioToolbox.framework; path = System/Library/Frameworks/AudioToolbox.framework; sourceTree = SDKROOT; };
		7A5735441BAAFF69005709B1 /* AVFoundation.framework */ = {isa = PBXFileReference; lastKnownFileType = wrapper.framework; name = AVFoundation.framework; path = System/Library/Frameworks/AVFoundation.framework; sourceTree = SDKROOT; };
		7A5735461BAAFF6D005709B1 /* CoreGraphics.framework */ = {isa = PBXFileReference; lastKnownFileType = wrapper.framework; name = CoreGraphics.framework; path = System/Library/Frameworks/CoreGraphics.framework; sourceTree = SDKROOT; };
		7A5735481BAAFF72005709B1 /* CoreMedia.framework */ = {isa = PBXFileReference; lastKnownFileType = wrapper.framework; name = CoreMedia.framework; path = System/Library/Frameworks/CoreMedia.framework; sourceTree = SDKROOT; };
		7A57354A1BAAFF76005709B1 /* CoreVideo.framework */ = {isa = PBXFileReference; lastKnownFileType = wrapper.framework; name = CoreVideo.framework; path = System/Library/Frameworks/CoreVideo.framework; sourceTree = SDKROOT; };
		7A57354C1BAAFF7A005709B1 /* libbz2.dylib */ = {isa = PBXFileReference; lastKnownFileType = "compiled.mach-o.dylib"; name = libbz2.dylib; path = usr/lib/libbz2.dylib; sourceTree = SDKROOT; };
		7A57354E1BAAFF7F005709B1 /* libz.dylib */ = {isa = PBXFileReference; lastKnownFileType = "compiled.mach-o.dylib"; name = libz.dylib; path = usr/lib/libz.dylib; sourceTree = SDKROOT; };
		7A5735501BAAFF85005709B1 /* MediaPlayer.framework */ = {isa = PBXFileReference; lastKnownFileType = wrapper.framework; name = MediaPlayer.framework; path = System/Library/Frameworks/MediaPlayer.framework; sourceTree = SDKROOT; };
		7A5735521BAAFF8F005709B1 /* MobileCoreServices.framework */ = {isa = PBXFileReference; lastKnownFileType = wrapper.framework; name = MobileCoreServices.framework; path = System/Library/Frameworks/MobileCoreServices.framework; sourceTree = SDKROOT; };
		7A5735541BAAFF94005709B1 /* OpenGLES.framework */ = {isa = PBXFileReference; lastKnownFileType = wrapper.framework; name = OpenGLES.framework; path = System/Library/Frameworks/OpenGLES.framework; sourceTree = SDKROOT; };
		7A5735561BAAFF9A005709B1 /* QuartzCore.framework */ = {isa = PBXFileReference; lastKnownFileType = wrapper.framework; name = QuartzCore.framework; path = System/Library/Frameworks/QuartzCore.framework; sourceTree = SDKROOT; };
		7A5735581BAAFFA2005709B1 /* VideoToolbox.framework */ = {isa = PBXFileReference; lastKnownFileType = wrapper.framework; name = VideoToolbox.framework; path = System/Library/Frameworks/VideoToolbox.framework; sourceTree = SDKROOT; };
		7A5735631BAB0A8F005709B1 /* PlayerViewController.h */ = {isa = PBXFileReference; fileEncoding = 4; lastKnownFileType = sourcecode.c.h; path = PlayerViewController.h; sourceTree = "<group>"; };
		7A5735641BAB0A8F005709B1 /* PlayerViewController.m */ = {isa = PBXFileReference; fileEncoding = 4; lastKnownFileType = sourcecode.c.objc; path = PlayerViewController.m; sourceTree = "<group>"; };
		7A84362F1BAE5F1900D99C84 /* NSString+URLEncode.h */ = {isa = PBXFileReference; fileEncoding = 4; lastKnownFileType = sourcecode.c.h; name = "NSString+URLEncode.h"; path = "Categories/NSString+URLEncode.h"; sourceTree = "<group>"; };
		7A8436301BAE5F1900D99C84 /* NSString+URLEncode.m */ = {isa = PBXFileReference; fileEncoding = 4; lastKnownFileType = sourcecode.c.objc; name = "NSString+URLEncode.m"; path = "Categories/NSString+URLEncode.m"; sourceTree = "<group>"; };
		7A8436321BAE5F3400D99C84 /* Categories.h */ = {isa = PBXFileReference; fileEncoding = 4; lastKnownFileType = sourcecode.c.h; path = Categories.h; sourceTree = "<group>"; };
		7A8436331BAE765900D99C84 /* ESViewController.h */ = {isa = PBXFileReference; fileEncoding = 4; lastKnownFileType = sourcecode.c.h; path = ESViewController.h; sourceTree = "<group>"; };
		7A8436341BAE765900D99C84 /* ESViewController.m */ = {isa = PBXFileReference; fileEncoding = 4; lastKnownFileType = sourcecode.c.objc; path = ESViewController.m; sourceTree = "<group>"; };
		7ACE8DE71BAD0F5F008CCF4A /* icon_lctv.png */ = {isa = PBXFileReference; lastKnownFileType = image.png; path = icon_lctv.png; sourceTree = "<group>"; };
		7ACE8DE81BAD0F5F008CCF4A /* icon_left_menu.png */ = {isa = PBXFileReference; lastKnownFileType = image.png; path = icon_left_menu.png; sourceTree = "<group>"; };
		7ACE8DE91BAD0F5F008CCF4A /* icon_right_menu.png */ = {isa = PBXFileReference; lastKnownFileType = image.png; path = icon_right_menu.png; sourceTree = "<group>"; };
		7ACE8DF01BAD1129008CCF4A /* bg_header.png */ = {isa = PBXFileReference; lastKnownFileType = image.png; path = bg_header.png; sourceTree = "<group>"; };
		7ACE8DF61BAD1511008CCF4A /* LeftMenuViewController.h */ = {isa = PBXFileReference; fileEncoding = 4; lastKnownFileType = sourcecode.c.h; path = LeftMenuViewController.h; sourceTree = "<group>"; };
		7ACE8DF71BAD1511008CCF4A /* LeftMenuViewController.m */ = {isa = PBXFileReference; fileEncoding = 4; lastKnownFileType = sourcecode.c.objc; path = LeftMenuViewController.m; sourceTree = "<group>"; };
		7ACE8DF91BAD16DD008CCF4A /* AppDefines.h */ = {isa = PBXFileReference; fileEncoding = 4; lastKnownFileType = sourcecode.c.h; path = AppDefines.h; sourceTree = "<group>"; };
		7ACE8DFB1BAD17C7008CCF4A /* RootViewController.h */ = {isa = PBXFileReference; fileEncoding = 4; lastKnownFileType = sourcecode.c.h; name = RootViewController.h; path = RootViewController/RootViewController.h; sourceTree = "<group>"; };
		7ACE8DFC1BAD17C7008CCF4A /* RootViewController.m */ = {isa = PBXFileReference; fileEncoding = 4; lastKnownFileType = sourcecode.c.objc; name = RootViewController.m; path = RootViewController/RootViewController.m; sourceTree = "<group>"; };
		7ACE8DFF1BAD2E3E008CCF4A /* BaseMenuObject.h */ = {isa = PBXFileReference; fileEncoding = 4; lastKnownFileType = sourcecode.c.h; path = BaseMenuObject.h; sourceTree = "<group>"; };
		7ACE8E001BAD2E3E008CCF4A /* BaseMenuObject.m */ = {isa = PBXFileReference; fileEncoding = 4; lastKnownFileType = sourcecode.c.objc; path = BaseMenuObject.m; sourceTree = "<group>"; };
		7ACE8E031BAD368B008CCF4A /* RightMenuViewController.h */ = {isa = PBXFileReference; fileEncoding = 4; lastKnownFileType = sourcecode.c.h; name = RightMenuViewController.h; path = ViewControllers/RightMenuViewController/RightMenuViewController.h; sourceTree = "<group>"; };
		7ACE8E041BAD368B008CCF4A /* RightMenuViewController.m */ = {isa = PBXFileReference; fileEncoding = 4; lastKnownFileType = sourcecode.c.objc; name = RightMenuViewController.m; path = ViewControllers/RightMenuViewController/RightMenuViewController.m; sourceTree = "<group>"; };
		7ACE8E061BAD519D008CCF4A /* sub_img_off01.png */ = {isa = PBXFileReference; lastKnownFileType = image.png; path = sub_img_off01.png; sourceTree = "<group>"; };
		7ACE8E071BAD519D008CCF4A /* sub_img_off02.png */ = {isa = PBXFileReference; lastKnownFileType = image.png; path = sub_img_off02.png; sourceTree = "<group>"; };
		7ACE8E081BAD519D008CCF4A /* sub_img_off03.png */ = {isa = PBXFileReference; lastKnownFileType = image.png; path = sub_img_off03.png; sourceTree = "<group>"; };
		7ACE8E091BAD519D008CCF4A /* sub_img_off04.png */ = {isa = PBXFileReference; lastKnownFileType = image.png; path = sub_img_off04.png; sourceTree = "<group>"; };
		7ACE8E0A1BAD519D008CCF4A /* sub_img_on01.png */ = {isa = PBXFileReference; lastKnownFileType = image.png; path = sub_img_on01.png; sourceTree = "<group>"; };
		7ACE8E0B1BAD519D008CCF4A /* sub_img_on02.png */ = {isa = PBXFileReference; lastKnownFileType = image.png; path = sub_img_on02.png; sourceTree = "<group>"; };
		7ACE8E0C1BAD519D008CCF4A /* sub_img_on03.png */ = {isa = PBXFileReference; lastKnownFileType = image.png; path = sub_img_on03.png; sourceTree = "<group>"; };
		7ACE8E0D1BAD519D008CCF4A /* sub_img_on04.png */ = {isa = PBXFileReference; lastKnownFileType = image.png; path = sub_img_on04.png; sourceTree = "<group>"; };
/* End PBXFileReference section */

/* Begin PBXFrameworksBuildPhase section */
		7A5734AB1BAAF068005709B1 /* Frameworks */ = {
			isa = PBXFrameworksBuildPhase;
			buildActionMask = 2147483647;
			files = (
				7A094FFE1BAE7FFB00F5AEE7 /* libIJKMediaPlayer.a in Frameworks */,
				7A5735591BAAFFA2005709B1 /* VideoToolbox.framework in Frameworks */,
				7A5735571BAAFF9A005709B1 /* QuartzCore.framework in Frameworks */,
				7A5735551BAAFF94005709B1 /* OpenGLES.framework in Frameworks */,
				7A5735531BAAFF8F005709B1 /* MobileCoreServices.framework in Frameworks */,
				7A5735511BAAFF85005709B1 /* MediaPlayer.framework in Frameworks */,
				7A57354F1BAAFF7F005709B1 /* libz.dylib in Frameworks */,
				7A57354D1BAAFF7A005709B1 /* libbz2.dylib in Frameworks */,
				7A57354B1BAAFF76005709B1 /* CoreVideo.framework in Frameworks */,
				7A5735491BAAFF72005709B1 /* CoreMedia.framework in Frameworks */,
				7A5735471BAAFF6D005709B1 /* CoreGraphics.framework in Frameworks */,
				7A5735451BAAFF69005709B1 /* AVFoundation.framework in Frameworks */,
				7A5735431BAAFF64005709B1 /* AudioToolbox.framework in Frameworks */,
				7A57352F1BAAF3B7005709B1 /* libxml2.2.dylib in Frameworks */,
				7A5735271BAAF35F005709B1 /* Foundation.framework in Frameworks */,
				7A5735251BAAF35B005709B1 /* UIKit.framework in Frameworks */,
			);
			runOnlyForDeploymentPostprocessing = 0;
		};
		7A5734C41BAAF068005709B1 /* Frameworks */ = {
			isa = PBXFrameworksBuildPhase;
			buildActionMask = 2147483647;
			files = (
			);
			runOnlyForDeploymentPostprocessing = 0;
		};
/* End PBXFrameworksBuildPhase section */

/* Begin PBXGroup section */
		7A5734A51BAAF068005709B1 = {
			isa = PBXGroup;
			children = (
				7A5735581BAAFFA2005709B1 /* VideoToolbox.framework */,
				7A5735561BAAFF9A005709B1 /* QuartzCore.framework */,
				7A5735541BAAFF94005709B1 /* OpenGLES.framework */,
				7A5735521BAAFF8F005709B1 /* MobileCoreServices.framework */,
				7A5735501BAAFF85005709B1 /* MediaPlayer.framework */,
				7A57354E1BAAFF7F005709B1 /* libz.dylib */,
				7A57354C1BAAFF7A005709B1 /* libbz2.dylib */,
				7A57354A1BAAFF76005709B1 /* CoreVideo.framework */,
				7A5735481BAAFF72005709B1 /* CoreMedia.framework */,
				7A5735461BAAFF6D005709B1 /* CoreGraphics.framework */,
				7A5735441BAAFF69005709B1 /* AVFoundation.framework */,
				7A5735421BAAFF64005709B1 /* AudioToolbox.framework */,
				7A5735301BAAFBBF005709B1 /* IJKMediaPlayer.xcodeproj */,
				7A57352E1BAAF3B7005709B1 /* libxml2.2.dylib */,
				7A5735261BAAF35F005709B1 /* Foundation.framework */,
				7A5735241BAAF35B005709B1 /* UIKit.framework */,
				7A5734B01BAAF068005709B1 /* lctv */,
				7A5734CA1BAAF068005709B1 /* lctvTests */,
				7A5734AF1BAAF068005709B1 /* Products */,
			);
			sourceTree = "<group>";
		};
		7A5734AF1BAAF068005709B1 /* Products */ = {
			isa = PBXGroup;
			children = (
				7A5734AE1BAAF068005709B1 /* lctv.app */,
				7A5734C71BAAF068005709B1 /* lctvTests.xctest */,
			);
			name = Products;
			sourceTree = "<group>";
		};
		7A5734B01BAAF068005709B1 /* lctv */ = {
			isa = PBXGroup;
			children = (
				7ACE8DE61BAD0F5F008CCF4A /* Resources */,
				7A5734DD1BAAF1BA005709B1 /* Libraries */,
				7A5734D91BAAF153005709B1 /* Classes */,
				7A5734B51BAAF068005709B1 /* AppDelegate.h */,
				7A5734B61BAAF068005709B1 /* AppDelegate.m */,
				7A5734BB1BAAF068005709B1 /* Main.storyboard */,
				7A5734BE1BAAF068005709B1 /* Images.xcassets */,
				7A5734C01BAAF068005709B1 /* LaunchScreen.xib */,
				7A5734B11BAAF068005709B1 /* Supporting Files */,
			);
			path = lctv;
			sourceTree = "<group>";
		};
		7A5734B11BAAF068005709B1 /* Supporting Files */ = {
			isa = PBXGroup;
			children = (
				7A5734B21BAAF068005709B1 /* Info.plist */,
				7A5734B31BAAF068005709B1 /* main.m */,
				7A5735231BAAF339005709B1 /* Prefix.pch */,
			);
			name = "Supporting Files";
			sourceTree = "<group>";
		};
		7A5734CA1BAAF068005709B1 /* lctvTests */ = {
			isa = PBXGroup;
			children = (
				7A5734CD1BAAF068005709B1 /* lctvTests.m */,
				7A5734CB1BAAF068005709B1 /* Supporting Files */,
			);
			path = lctvTests;
			sourceTree = "<group>";
		};
		7A5734CB1BAAF068005709B1 /* Supporting Files */ = {
			isa = PBXGroup;
			children = (
				7A5734CC1BAAF068005709B1 /* Info.plist */,
			);
			name = "Supporting Files";
			sourceTree = "<group>";
		};
		7A5734D91BAAF153005709B1 /* Classes */ = {
			isa = PBXGroup;
			children = (
				7A5734DC1BAAF16C005709B1 /* Common */,
				7A5734DA1BAAF153005709B1 /* ViewControllers */,
			);
			path = Classes;
			sourceTree = "<group>";
		};
		7A5734DA1BAAF153005709B1 /* ViewControllers */ = {
			isa = PBXGroup;
			children = (
				7ACE8DFA1BAD17AA008CCF4A /* RootViewController */,
				7A5734DB1BAAF153005709B1 /* Common */,
				7ACE8DF51BAD1511008CCF4A /* LeftMenuViewController */,
				7ACE8E021BAD3673008CCF4A /* RightMenuViewController */,
			);
			path = ViewControllers;
			sourceTree = "<group>";
		};
		7A5734DB1BAAF153005709B1 /* Common */ = {
			isa = PBXGroup;
			children = (
				7A5735201BAAF1E6005709B1 /* BaseWebViewController.h */,
				7A5735211BAAF1E6005709B1 /* BaseWebViewController.m */,
			);
			path = Common;
			sourceTree = "<group>";
		};
		7A5734DC1BAAF16C005709B1 /* Common */ = {
			isa = PBXGroup;
			children = (
				7A5735281BAAF390005709B1 /* CommonUtils.h */,
				7A5735291BAAF390005709B1 /* CommonUtils.m */,
				7A57352B1BAAF39C005709B1 /* Configs.h */,
				7A57352C1BAAF39C005709B1 /* Configs.m */,
				7ACE8DF91BAD16DD008CCF4A /* AppDefines.h */,
				7A57353D1BAAFE35005709B1 /* PlayerView.h */,
				7A57353E1BAAFE35005709B1 /* PlayerView.m */,
				7A8436331BAE765900D99C84 /* ESViewController.h */,
				7A8436341BAE765900D99C84 /* ESViewController.m */,
				7A5735631BAB0A8F005709B1 /* PlayerViewController.h */,
				7A5735641BAB0A8F005709B1 /* PlayerViewController.m */,
			);
			path = Common;
			sourceTree = "<group>";
		};
		7A5734DD1BAAF1BA005709B1 /* Libraries */ = {
			isa = PBXGroup;
			children = (
				7A8436281BAE5EFD00D99C84 /* Categories */,
				7A5734DE1BAAF1BA005709B1 /* AFNetworking */,
				7A5734F21BAAF1BA005709B1 /* TFHpple */,
				7A5734F91BAAF1BA005709B1 /* UIKit+AFNetworking */,
			);
			path = Libraries;
			sourceTree = "<group>";
		};
		7A5734DE1BAAF1BA005709B1 /* AFNetworking */ = {
			isa = PBXGroup;
			children = (
				7A5734DF1BAAF1BA005709B1 /* AFHTTPRequestOperation.h */,
				7A5734E01BAAF1BA005709B1 /* AFHTTPRequestOperation.m */,
				7A5734E11BAAF1BA005709B1 /* AFHTTPRequestOperationManager.h */,
				7A5734E21BAAF1BA005709B1 /* AFHTTPRequestOperationManager.m */,
				7A5734E31BAAF1BA005709B1 /* AFHTTPSessionManager.h */,
				7A5734E41BAAF1BA005709B1 /* AFHTTPSessionManager.m */,
				7A5734E51BAAF1BA005709B1 /* AFNetworking.h */,
				7A5734E61BAAF1BA005709B1 /* AFNetworkReachabilityManager.h */,
				7A5734E71BAAF1BA005709B1 /* AFNetworkReachabilityManager.m */,
				7A5734E81BAAF1BA005709B1 /* AFSecurityPolicy.h */,
				7A5734E91BAAF1BA005709B1 /* AFSecurityPolicy.m */,
				7A5734EA1BAAF1BA005709B1 /* AFURLConnectionOperation.h */,
				7A5734EB1BAAF1BA005709B1 /* AFURLConnectionOperation.m */,
				7A5734EC1BAAF1BA005709B1 /* AFURLRequestSerialization.h */,
				7A5734ED1BAAF1BA005709B1 /* AFURLRequestSerialization.m */,
				7A5734EE1BAAF1BA005709B1 /* AFURLResponseSerialization.h */,
				7A5734EF1BAAF1BA005709B1 /* AFURLResponseSerialization.m */,
				7A5734F01BAAF1BA005709B1 /* AFURLSessionManager.h */,
				7A5734F11BAAF1BA005709B1 /* AFURLSessionManager.m */,
			);
			path = AFNetworking;
			sourceTree = "<group>";
		};
		7A5734F21BAAF1BA005709B1 /* TFHpple */ = {
			isa = PBXGroup;
			children = (
				7A5734F31BAAF1BA005709B1 /* TFHpple.h */,
				7A5734F41BAAF1BA005709B1 /* TFHpple.m */,
				7A5734F51BAAF1BA005709B1 /* TFHppleElement.h */,
				7A5734F61BAAF1BA005709B1 /* TFHppleElement.m */,
				7A5734F71BAAF1BA005709B1 /* XPathQuery.h */,
				7A5734F81BAAF1BA005709B1 /* XPathQuery.m */,
			);
			path = TFHpple;
			sourceTree = "<group>";
		};
		7A5734F91BAAF1BA005709B1 /* UIKit+AFNetworking */ = {
			isa = PBXGroup;
			children = (
				7A5734FA1BAAF1BA005709B1 /* AFNetworkActivityIndicatorManager.h */,
				7A5734FB1BAAF1BA005709B1 /* AFNetworkActivityIndicatorManager.m */,
				7A5734FC1BAAF1BA005709B1 /* UIActivityIndicatorView+AFNetworking.h */,
				7A5734FD1BAAF1BA005709B1 /* UIActivityIndicatorView+AFNetworking.m */,
				7A5734FE1BAAF1BA005709B1 /* UIAlertView+AFNetworking.h */,
				7A5734FF1BAAF1BA005709B1 /* UIAlertView+AFNetworking.m */,
				7A5735001BAAF1BA005709B1 /* UIButton+AFNetworking.h */,
				7A5735011BAAF1BA005709B1 /* UIButton+AFNetworking.m */,
				7A5735021BAAF1BA005709B1 /* UIImage+AFNetworking.h */,
				7A5735031BAAF1BA005709B1 /* UIImageView+AFNetworking.h */,
				7A5735041BAAF1BA005709B1 /* UIImageView+AFNetworking.m */,
				7A5735051BAAF1BA005709B1 /* UIKit+AFNetworking.h */,
				7A5735061BAAF1BA005709B1 /* UIProgressView+AFNetworking.h */,
				7A5735071BAAF1BA005709B1 /* UIProgressView+AFNetworking.m */,
				7A5735081BAAF1BA005709B1 /* UIRefreshControl+AFNetworking.h */,
				7A5735091BAAF1BA005709B1 /* UIRefreshControl+AFNetworking.m */,
				7A57350A1BAAF1BA005709B1 /* UIWebView+AFNetworking.h */,
				7A57350B1BAAF1BA005709B1 /* UIWebView+AFNetworking.m */,
			);
			path = "UIKit+AFNetworking";
			sourceTree = "<group>";
		};
		7A5735311BAAFBBF005709B1 /* Products */ = {
			isa = PBXGroup;
			children = (
				7A5735371BAAFBBF005709B1 /* libIJKMediaPlayer.a */,
				7A5735391BAAFBBF005709B1 /* IJKMediaFramework.framework */,
				7A57353B1BAAFBBF005709B1 /* IJKMediaFrameworkTests.xctest */,
			);
			name = Products;
			sourceTree = "<group>";
		};
		7A8436281BAE5EFD00D99C84 /* Categories */ = {
			isa = PBXGroup;
			children = (
				7A84362F1BAE5F1900D99C84 /* NSString+URLEncode.h */,
				7A8436301BAE5F1900D99C84 /* NSString+URLEncode.m */,
				7A8436321BAE5F3400D99C84 /* Categories.h */,
			);
			name = Categories;
			sourceTree = "<group>";
		};
		7ACE8DE61BAD0F5F008CCF4A /* Resources */ = {
			isa = PBXGroup;
			children = (
				7A46883E1BAD7A510006BF8E /* MoviePlayerImages.xcassets */,
				7A46883B1BAD68120006BF8E /* btn_play.png */,
				7ACE8DF01BAD1129008CCF4A /* bg_header.png */,
				7ACE8DE71BAD0F5F008CCF4A /* icon_lctv.png */,
				7ACE8DE81BAD0F5F008CCF4A /* icon_left_menu.png */,
				7ACE8DE91BAD0F5F008CCF4A /* icon_right_menu.png */,
				7ACE8E061BAD519D008CCF4A /* sub_img_off01.png */,
				7ACE8E071BAD519D008CCF4A /* sub_img_off02.png */,
				7ACE8E081BAD519D008CCF4A /* sub_img_off03.png */,
				7ACE8E091BAD519D008CCF4A /* sub_img_off04.png */,
				7ACE8E0A1BAD519D008CCF4A /* sub_img_on01.png */,
				7ACE8E0B1BAD519D008CCF4A /* sub_img_on02.png */,
				7ACE8E0C1BAD519D008CCF4A /* sub_img_on03.png */,
				7ACE8E0D1BAD519D008CCF4A /* sub_img_on04.png */,
			);
			path = Resources;
			sourceTree = "<group>";
		};
		7ACE8DF51BAD1511008CCF4A /* LeftMenuViewController */ = {
			isa = PBXGroup;
			children = (
				7ACE8DFE1BAD2B32008CCF4A /* Cells */,
				7ACE8DF61BAD1511008CCF4A /* LeftMenuViewController.h */,
				7ACE8DF71BAD1511008CCF4A /* LeftMenuViewController.m */,
				7ACE8DFF1BAD2E3E008CCF4A /* BaseMenuObject.h */,
				7ACE8E001BAD2E3E008CCF4A /* BaseMenuObject.m */,
			);
			path = LeftMenuViewController;
			sourceTree = "<group>";
		};
		7ACE8DFA1BAD17AA008CCF4A /* RootViewController */ = {
			isa = PBXGroup;
			children = (
				7ACE8DFB1BAD17C7008CCF4A /* RootViewController.h */,
				7ACE8DFC1BAD17C7008CCF4A /* RootViewController.m */,
			);
			name = RootViewController;
			sourceTree = "<group>";
		};
		7ACE8DFE1BAD2B32008CCF4A /* Cells */ = {
			isa = PBXGroup;
			children = (
			);
			name = Cells;
			sourceTree = "<group>";
		};
		7ACE8E021BAD3673008CCF4A /* RightMenuViewController */ = {
			isa = PBXGroup;
			children = (
				7ACE8E031BAD368B008CCF4A /* RightMenuViewController.h */,
				7ACE8E041BAD368B008CCF4A /* RightMenuViewController.m */,
			);
			name = RightMenuViewController;
			path = ..;
			sourceTree = "<group>";
		};
/* End PBXGroup section */

/* Begin PBXNativeTarget section */
		7A5734AD1BAAF068005709B1 /* lctv */ = {
			isa = PBXNativeTarget;
			buildConfigurationList = 7A5734D11BAAF068005709B1 /* Build configuration list for PBXNativeTarget "lctv" */;
			buildPhases = (
				7A5734AA1BAAF068005709B1 /* Sources */,
				7A5734AB1BAAF068005709B1 /* Frameworks */,
				7A5734AC1BAAF068005709B1 /* Resources */,
			);
			buildRules = (
			);
			dependencies = (
			);
			name = lctv;
			productName = lctv;
			productReference = 7A5734AE1BAAF068005709B1 /* lctv.app */;
			productType = "com.apple.product-type.application";
		};
		7A5734C61BAAF068005709B1 /* lctvTests */ = {
			isa = PBXNativeTarget;
			buildConfigurationList = 7A5734D41BAAF068005709B1 /* Build configuration list for PBXNativeTarget "lctvTests" */;
			buildPhases = (
				7A5734C31BAAF068005709B1 /* Sources */,
				7A5734C41BAAF068005709B1 /* Frameworks */,
				7A5734C51BAAF068005709B1 /* Resources */,
			);
			buildRules = (
			);
			dependencies = (
				7A5734C91BAAF068005709B1 /* PBXTargetDependency */,
			);
			name = lctvTests;
			productName = lctvTests;
			productReference = 7A5734C71BAAF068005709B1 /* lctvTests.xctest */;
			productType = "com.apple.product-type.bundle.unit-test";
		};
/* End PBXNativeTarget section */

/* Begin PBXProject section */
		7A5734A61BAAF068005709B1 /* Project object */ = {
			isa = PBXProject;
			attributes = {
				LastUpgradeCheck = 0640;
				ORGANIZATIONNAME = "Kim DaeHyun";
				TargetAttributes = {
					7A5734AD1BAAF068005709B1 = {
						CreatedOnToolsVersion = 6.4;
					};
					7A5734C61BAAF068005709B1 = {
						CreatedOnToolsVersion = 6.4;
						TestTargetID = 7A5734AD1BAAF068005709B1;
					};
				};
			};
			buildConfigurationList = 7A5734A91BAAF068005709B1 /* Build configuration list for PBXProject "lctv" */;
			compatibilityVersion = "Xcode 3.2";
			developmentRegion = English;
			hasScannedForEncodings = 0;
			knownRegions = (
				en,
				Base,
			);
			mainGroup = 7A5734A51BAAF068005709B1;
			productRefGroup = 7A5734AF1BAAF068005709B1 /* Products */;
			projectDirPath = "";
			projectReferences = (
				{
					ProductGroup = 7A5735311BAAFBBF005709B1 /* Products */;
					ProjectRef = 7A5735301BAAFBBF005709B1 /* IJKMediaPlayer.xcodeproj */;
				},
			);
			projectRoot = "";
			targets = (
				7A5734AD1BAAF068005709B1 /* lctv */,
				7A5734C61BAAF068005709B1 /* lctvTests */,
			);
		};
/* End PBXProject section */

/* Begin PBXReferenceProxy section */
		7A5735371BAAFBBF005709B1 /* libIJKMediaPlayer.a */ = {
			isa = PBXReferenceProxy;
			fileType = archive.ar;
			path = libIJKMediaPlayer.a;
			remoteRef = 7A5735361BAAFBBF005709B1 /* PBXContainerItemProxy */;
			sourceTree = BUILT_PRODUCTS_DIR;
		};
		7A5735391BAAFBBF005709B1 /* IJKMediaFramework.framework */ = {
			isa = PBXReferenceProxy;
			fileType = wrapper.framework;
			path = IJKMediaFramework.framework;
			remoteRef = 7A5735381BAAFBBF005709B1 /* PBXContainerItemProxy */;
			sourceTree = BUILT_PRODUCTS_DIR;
		};
		7A57353B1BAAFBBF005709B1 /* IJKMediaFrameworkTests.xctest */ = {
			isa = PBXReferenceProxy;
			fileType = wrapper.cfbundle;
			path = IJKMediaFrameworkTests.xctest;
			remoteRef = 7A57353A1BAAFBBF005709B1 /* PBXContainerItemProxy */;
			sourceTree = BUILT_PRODUCTS_DIR;
		};
/* End PBXReferenceProxy section */

/* Begin PBXResourcesBuildPhase section */
		7A5734AC1BAAF068005709B1 /* Resources */ = {
			isa = PBXResourcesBuildPhase;
			buildActionMask = 2147483647;
			files = (
				7ACE8E151BAD519D008CCF4A /* sub_img_on04.png in Resources */,
				7A5734BD1BAAF068005709B1 /* Main.storyboard in Resources */,
				7ACE8E111BAD519D008CCF4A /* sub_img_off04.png in Resources */,
				7ACE8E141BAD519D008CCF4A /* sub_img_on03.png in Resources */,
				7ACE8E131BAD519D008CCF4A /* sub_img_on02.png in Resources */,
				7A46883F1BAD7A510006BF8E /* MoviePlayerImages.xcassets in Resources */,
				7ACE8DF11BAD1129008CCF4A /* bg_header.png in Resources */,
				7ACE8DEA1BAD0F5F008CCF4A /* icon_lctv.png in Resources */,
				7ACE8DEB1BAD0F5F008CCF4A /* icon_left_menu.png in Resources */,
				7A46883C1BAD68120006BF8E /* btn_play.png in Resources */,
				7ACE8E0F1BAD519D008CCF4A /* sub_img_off02.png in Resources */,
				7ACE8E121BAD519D008CCF4A /* sub_img_on01.png in Resources */,
				7ACE8E101BAD519D008CCF4A /* sub_img_off03.png in Resources */,
				7A5734C21BAAF068005709B1 /* LaunchScreen.xib in Resources */,
				7ACE8E0E1BAD519D008CCF4A /* sub_img_off01.png in Resources */,
				7ACE8DEC1BAD0F5F008CCF4A /* icon_right_menu.png in Resources */,
				7A5734BF1BAAF068005709B1 /* Images.xcassets in Resources */,
			);
			runOnlyForDeploymentPostprocessing = 0;
		};
		7A5734C51BAAF068005709B1 /* Resources */ = {
			isa = PBXResourcesBuildPhase;
			buildActionMask = 2147483647;
			files = (
			);
			runOnlyForDeploymentPostprocessing = 0;
		};
/* End PBXResourcesBuildPhase section */

/* Begin PBXSourcesBuildPhase section */
		7A5734AA1BAAF068005709B1 /* Sources */ = {
			isa = PBXSourcesBuildPhase;
			buildActionMask = 2147483647;
			files = (
				7A5735121BAAF1BA005709B1 /* AFURLRequestSerialization.m in Sources */,
				7A5735221BAAF1E6005709B1 /* BaseWebViewController.m in Sources */,
				7A5735111BAAF1BA005709B1 /* AFURLConnectionOperation.m in Sources */,
				7A57351B1BAAF1BA005709B1 /* UIButton+AFNetworking.m in Sources */,
				7A5735101BAAF1BA005709B1 /* AFSecurityPolicy.m in Sources */,
				7A57351D1BAAF1BA005709B1 /* UIProgressView+AFNetworking.m in Sources */,
				7ACE8E011BAD2E3E008CCF4A /* BaseMenuObject.m in Sources */,
				7A5735161BAAF1BA005709B1 /* TFHppleElement.m in Sources */,
				7A57350C1BAAF1BA005709B1 /* AFHTTPRequestOperation.m in Sources */,
				7A5735651BAB0A8F005709B1 /* PlayerViewController.m in Sources */,
				7A5735141BAAF1BA005709B1 /* AFURLSessionManager.m in Sources */,
				7A57351E1BAAF1BA005709B1 /* UIRefreshControl+AFNetworking.m in Sources */,
				7A57352A1BAAF390005709B1 /* CommonUtils.m in Sources */,
				7A5735131BAAF1BA005709B1 /* AFURLResponseSerialization.m in Sources */,
				7A5734B71BAAF068005709B1 /* AppDelegate.m in Sources */,
				7A57351C1BAAF1BA005709B1 /* UIImageView+AFNetworking.m in Sources */,
				7A5735171BAAF1BA005709B1 /* XPathQuery.m in Sources */,
				7A57352D1BAAF39C005709B1 /* Configs.m in Sources */,
				7A57351A1BAAF1BA005709B1 /* UIAlertView+AFNetworking.m in Sources */,
				7A8436311BAE5F1900D99C84 /* NSString+URLEncode.m in Sources */,
				7ACE8DF81BAD1511008CCF4A /* LeftMenuViewController.m in Sources */,
				7A57353F1BAAFE35005709B1 /* PlayerView.m in Sources */,
				7A5735151BAAF1BA005709B1 /* TFHpple.m in Sources */,
				7ACE8DFD1BAD17C7008CCF4A /* RootViewController.m in Sources */,
				7A57350E1BAAF1BA005709B1 /* AFHTTPSessionManager.m in Sources */,
				7A57351F1BAAF1BA005709B1 /* UIWebView+AFNetworking.m in Sources */,
				7A57350D1BAAF1BA005709B1 /* AFHTTPRequestOperationManager.m in Sources */,
				7A57350F1BAAF1BA005709B1 /* AFNetworkReachabilityManager.m in Sources */,
				7A5734B41BAAF068005709B1 /* main.m in Sources */,
				7A8436351BAE765900D99C84 /* ESViewController.m in Sources */,
				7A5735191BAAF1BA005709B1 /* UIActivityIndicatorView+AFNetworking.m in Sources */,
				7A5735181BAAF1BA005709B1 /* AFNetworkActivityIndicatorManager.m in Sources */,
				7ACE8E051BAD368B008CCF4A /* RightMenuViewController.m in Sources */,
			);
			runOnlyForDeploymentPostprocessing = 0;
		};
		7A5734C31BAAF068005709B1 /* Sources */ = {
			isa = PBXSourcesBuildPhase;
			buildActionMask = 2147483647;
			files = (
				7A5734CE1BAAF068005709B1 /* lctvTests.m in Sources */,
			);
			runOnlyForDeploymentPostprocessing = 0;
		};
/* End PBXSourcesBuildPhase section */

/* Begin PBXTargetDependency section */
		7A5734C91BAAF068005709B1 /* PBXTargetDependency */ = {
			isa = PBXTargetDependency;
			target = 7A5734AD1BAAF068005709B1 /* lctv */;
			targetProxy = 7A5734C81BAAF068005709B1 /* PBXContainerItemProxy */;
		};
/* End PBXTargetDependency section */

/* Begin PBXVariantGroup section */
		7A5734BB1BAAF068005709B1 /* Main.storyboard */ = {
			isa = PBXVariantGroup;
			children = (
				7A5734BC1BAAF068005709B1 /* Base */,
			);
			name = Main.storyboard;
			sourceTree = "<group>";
		};
		7A5734C01BAAF068005709B1 /* LaunchScreen.xib */ = {
			isa = PBXVariantGroup;
			children = (
				7A5734C11BAAF068005709B1 /* Base */,
			);
			name = LaunchScreen.xib;
			sourceTree = "<group>";
		};
/* End PBXVariantGroup section */

/* Begin XCBuildConfiguration section */
		7A5734CF1BAAF068005709B1 /* Debug */ = {
			isa = XCBuildConfiguration;
			buildSettings = {
				ALWAYS_SEARCH_USER_PATHS = NO;
				CLANG_CXX_LANGUAGE_STANDARD = "gnu++0x";
				CLANG_CXX_LIBRARY = "libc++";
				CLANG_ENABLE_MODULES = YES;
				CLANG_ENABLE_OBJC_ARC = YES;
				CLANG_WARN_BOOL_CONVERSION = YES;
				CLANG_WARN_CONSTANT_CONVERSION = YES;
				CLANG_WARN_DIRECT_OBJC_ISA_USAGE = YES_ERROR;
				CLANG_WARN_EMPTY_BODY = YES;
				CLANG_WARN_ENUM_CONVERSION = YES;
				CLANG_WARN_INT_CONVERSION = YES;
				CLANG_WARN_OBJC_ROOT_CLASS = YES_ERROR;
				CLANG_WARN_UNREACHABLE_CODE = YES;
				CLANG_WARN__DUPLICATE_METHOD_MATCH = YES;
				"CODE_SIGN_IDENTITY[sdk=iphoneos*]" = "iPhone Developer";
				COPY_PHASE_STRIP = NO;
				DEBUG_INFORMATION_FORMAT = "dwarf-with-dsym";
				ENABLE_STRICT_OBJC_MSGSEND = YES;
				GCC_C_LANGUAGE_STANDARD = gnu99;
				GCC_DYNAMIC_NO_PIC = NO;
				GCC_NO_COMMON_BLOCKS = YES;
				GCC_OPTIMIZATION_LEVEL = 0;
				GCC_PREPROCESSOR_DEFINITIONS = (
					"DEBUG=1",
					"$(inherited)",
				);
				GCC_SYMBOLS_PRIVATE_EXTERN = NO;
				GCC_WARN_64_TO_32_BIT_CONVERSION = YES;
				GCC_WARN_ABOUT_RETURN_TYPE = YES_ERROR;
				GCC_WARN_UNDECLARED_SELECTOR = YES;
				GCC_WARN_UNINITIALIZED_AUTOS = YES_AGGRESSIVE;
				GCC_WARN_UNUSED_FUNCTION = YES;
				GCC_WARN_UNUSED_VARIABLE = YES;
				IPHONEOS_DEPLOYMENT_TARGET = 8.4;
				MTL_ENABLE_DEBUG_INFO = YES;
				ONLY_ACTIVE_ARCH = YES;
				SDKROOT = iphoneos;
				TARGETED_DEVICE_FAMILY = "1,2";
			};
			name = Debug;
		};
		7A5734D01BAAF068005709B1 /* Release */ = {
			isa = XCBuildConfiguration;
			buildSettings = {
				ALWAYS_SEARCH_USER_PATHS = NO;
				CLANG_CXX_LANGUAGE_STANDARD = "gnu++0x";
				CLANG_CXX_LIBRARY = "libc++";
				CLANG_ENABLE_MODULES = YES;
				CLANG_ENABLE_OBJC_ARC = YES;
				CLANG_WARN_BOOL_CONVERSION = YES;
				CLANG_WARN_CONSTANT_CONVERSION = YES;
				CLANG_WARN_DIRECT_OBJC_ISA_USAGE = YES_ERROR;
				CLANG_WARN_EMPTY_BODY = YES;
				CLANG_WARN_ENUM_CONVERSION = YES;
				CLANG_WARN_INT_CONVERSION = YES;
				CLANG_WARN_OBJC_ROOT_CLASS = YES_ERROR;
				CLANG_WARN_UNREACHABLE_CODE = YES;
				CLANG_WARN__DUPLICATE_METHOD_MATCH = YES;
				"CODE_SIGN_IDENTITY[sdk=iphoneos*]" = "iPhone Developer";
				COPY_PHASE_STRIP = NO;
				DEBUG_INFORMATION_FORMAT = "dwarf-with-dsym";
				ENABLE_NS_ASSERTIONS = NO;
				ENABLE_STRICT_OBJC_MSGSEND = YES;
				GCC_C_LANGUAGE_STANDARD = gnu99;
				GCC_NO_COMMON_BLOCKS = YES;
				GCC_WARN_64_TO_32_BIT_CONVERSION = YES;
				GCC_WARN_ABOUT_RETURN_TYPE = YES_ERROR;
				GCC_WARN_UNDECLARED_SELECTOR = YES;
				GCC_WARN_UNINITIALIZED_AUTOS = YES_AGGRESSIVE;
				GCC_WARN_UNUSED_FUNCTION = YES;
				GCC_WARN_UNUSED_VARIABLE = YES;
				IPHONEOS_DEPLOYMENT_TARGET = 8.4;
				MTL_ENABLE_DEBUG_INFO = NO;
				SDKROOT = iphoneos;
				TARGETED_DEVICE_FAMILY = "1,2";
				VALIDATE_PRODUCT = YES;
			};
			name = Release;
		};
		7A5734D21BAAF068005709B1 /* Debug */ = {
			isa = XCBuildConfiguration;
			buildSettings = {
				ASSETCATALOG_COMPILER_APPICON_NAME = AppIcon;
				ENABLE_BITCODE = NO;
				GCC_PRECOMPILE_PREFIX_HEADER = YES;
				GCC_PREFIX_HEADER = lctv/prefix.pch;
				HEADER_SEARCH_PATHS = (
					"$(inherited)",
					/Applications/Xcode.app/Contents/Developer/Toolchains/XcodeDefault.xctoolchain/usr/include,
					"$(SDKROOT)/usr/include/libxml2",
				);
				INFOPLIST_FILE = lctv/Info.plist;
				IPHONEOS_DEPLOYMENT_TARGET = 6.0;
				LD_RUNPATH_SEARCH_PATHS = "$(inherited) @executable_path/Frameworks";
				PRODUCT_NAME = "$(TARGET_NAME)";
			};
			name = Debug;
		};
		7A5734D31BAAF068005709B1 /* Release */ = {
			isa = XCBuildConfiguration;
			buildSettings = {
				ASSETCATALOG_COMPILER_APPICON_NAME = AppIcon;
				ENABLE_BITCODE = NO;
				GCC_PRECOMPILE_PREFIX_HEADER = YES;
				GCC_PREFIX_HEADER = lctv/prefix.pch;
				HEADER_SEARCH_PATHS = (
					"$(inherited)",
					/Applications/Xcode.app/Contents/Developer/Toolchains/XcodeDefault.xctoolchain/usr/include,
					"$(SDKROOT)/usr/include/libxml2",
				);
				INFOPLIST_FILE = lctv/Info.plist;
				IPHONEOS_DEPLOYMENT_TARGET = 6.0;
				LD_RUNPATH_SEARCH_PATHS = "$(inherited) @executable_path/Frameworks";
				PRODUCT_NAME = "$(TARGET_NAME)";
			};
			name = Release;
		};
		7A5734D51BAAF068005709B1 /* Debug */ = {
			isa = XCBuildConfiguration;
			buildSettings = {
				BUNDLE_LOADER = "$(TEST_HOST)";
				FRAMEWORK_SEARCH_PATHS = (
					"$(SDKROOT)/Developer/Library/Frameworks",
					"$(inherited)",
				);
				GCC_PREPROCESSOR_DEFINITIONS = (
					"DEBUG=1",
					"$(inherited)",
				);
				INFOPLIST_FILE = lctvTests/Info.plist;
				LD_RUNPATH_SEARCH_PATHS = "$(inherited) @executable_path/Frameworks @loader_path/Frameworks";
				PRODUCT_NAME = "$(TARGET_NAME)";
				TEST_HOST = "$(BUILT_PRODUCTS_DIR)/lctv.app/lctv";
			};
			name = Debug;
		};
		7A5734D61BAAF068005709B1 /* Release */ = {
			isa = XCBuildConfiguration;
			buildSettings = {
				BUNDLE_LOADER = "$(TEST_HOST)";
				FRAMEWORK_SEARCH_PATHS = (
					"$(SDKROOT)/Developer/Library/Frameworks",
					"$(inherited)",
				);
				INFOPLIST_FILE = lctvTests/Info.plist;
				LD_RUNPATH_SEARCH_PATHS = "$(inherited) @executable_path/Frameworks @loader_path/Frameworks";
				PRODUCT_NAME = "$(TARGET_NAME)";
				TEST_HOST = "$(BUILT_PRODUCTS_DIR)/lctv.app/lctv";
			};
			name = Release;
		};
/* End XCBuildConfiguration section */

/* Begin XCConfigurationList section */
		7A5734A91BAAF068005709B1 /* Build configuration list for PBXProject "lctv" */ = {
			isa = XCConfigurationList;
			buildConfigurations = (
				7A5734CF1BAAF068005709B1 /* Debug */,
				7A5734D01BAAF068005709B1 /* Release */,
			);
			defaultConfigurationIsVisible = 0;
			defaultConfigurationName = Release;
		};
		7A5734D11BAAF068005709B1 /* Build configuration list for PBXNativeTarget "lctv" */ = {
			isa = XCConfigurationList;
			buildConfigurations = (
				7A5734D21BAAF068005709B1 /* Debug */,
				7A5734D31BAAF068005709B1 /* Release */,
			);
			defaultConfigurationIsVisible = 0;
			defaultConfigurationName = Release;
		};
		7A5734D41BAAF068005709B1 /* Build configuration list for PBXNativeTarget "lctvTests" */ = {
			isa = XCConfigurationList;
			buildConfigurations = (
				7A5734D51BAAF068005709B1 /* Debug */,
				7A5734D61BAAF068005709B1 /* Release */,
			);
			defaultConfigurationIsVisible = 0;
			defaultConfigurationName = Release;
		};
/* End XCConfigurationList section */
	};
	rootObject = 7A5734A61BAAF068005709B1 /* Project object */;
}
